
Microsoft Visual Studio Solution File, Format Version 12.00
# Visual Studio 15
VisualStudioVersion = 15.0.27130.2027
MinimumVisualStudioVersion = 10.0.40219.1
Project("{FAE04EC0-301F-11D3-BF4B-00C04F79EFBC}") = "ContosoUniversity", "ContosoUniversity\ContosoUniversity.csproj", "{72EE599C-5568-4683-BF1E-83FE3F7BF191}"
EndProject
Global
	GlobalSection(SolutionConfigurationPlatforms) = preSolution
		Debug|Any CPU = Debug|Any CPU
		Release|Any CPU = Release|Any CPU
	EndGlobalSection
	GlobalSection(ProjectConfigurationPlatforms) = postSolution
		{72EE599C-5568-4683-BF1E-83FE3F7BF191}.Debug|Any CPU.ActiveCfg = Debug|Any CPU
		{72EE599C-5568-4683-BF1E-83FE3F7BF191}.Debug|Any CPU.Build.0 = Debug|Any CPU
		{72EE599C-5568-4683-BF1E-83FE3F7BF191}.Release|Any CPU.ActiveCfg = Release|Any CPU
		{72EE599C-5568-4683-BF1E-83FE3F7BF191}.Release|Any CPU.Build.0 = Release|Any CPU
	EndGlobalSection
	GlobalSection(SolutionProperties) = preSolution
		HideSolutionNode = FALSE
	EndGlobalSection
	GlobalSection(ExtensibilityGlobals) = postSolution
		SolutionGuid = {D3995BCC-5211-481B-B092-1E6BC34E2CE9}
	EndGlobalSection
EndGlobal
